
Microsoft Visual Studio Solution File, Format Version 12.00
# Visual Studio Version 17
VisualStudioVersion = 17.0.32014.148
MinimumVisualStudioVersion = 10.0.40219.1
Project("{FAE04EC0-301F-11D3-BF4B-00C04F79EFBC}") = "RestFull", "RestFull\RestFull.csproj", "{2666238C-A483-4BA0-83A8-BC1BD9FDB4B0}"
EndProject
Global
	GlobalSection(SolutionConfigurationPlatforms) = preSolution
		Debug|Any CPU = Debug|Any CPU
		Release|Any CPU = Release|Any CPU
	EndGlobalSection
	GlobalSection(ProjectConfigurationPlatforms) = postSolution
		{2666238C-A483-4BA0-83A8-BC1BD9FDB4B0}.Debug|Any CPU.ActiveCfg = Debug|Any CPU
		{2666238C-A483-4BA0-83A8-BC1BD9FDB4B0}.Debug|Any CPU.Build.0 = Debug|Any CPU
		{2666238C-A483-4BA0-83A8-BC1BD9FDB4B0}.Release|Any CPU.ActiveCfg = Release|Any CPU
		{2666238C-A483-4BA0-83A8-BC1BD9FDB4B0}.Release|Any CPU.Build.0 = Release|Any CPU
	EndGlobalSection
	GlobalSection(SolutionProperties) = preSolution
		HideSolutionNode = FALSE
	EndGlobalSection
	GlobalSection(ExtensibilityGlobals) = postSolution
		SolutionGuid = {56693FFF-C1AB-4A7D-90A8-41F2BDF9EAF5}
	EndGlobalSection
EndGlobal
